
Microsoft Visual Studio Solution File, Format Version 12.00
# Visual Studio Version 17
VisualStudioVersion = 17.1.32421.90
MinimumVisualStudioVersion = 10.0.40219.1
Project("{FAE04EC0-301F-11D3-BF4B-00C04F79EFBC}") = "VS2022", "VS2022\VS2022.csproj", "{51BFD36F-2CE0-49B4-8898-409E9448799A}"
EndProject
Global
	GlobalSection(SolutionConfigurationPlatforms) = preSolution
		Debug|Any CPU = Debug|Any CPU
		Release|Any CPU = Release|Any CPU
	EndGlobalSection
	GlobalSection(ProjectConfigurationPlatforms) = postSolution
		{51BFD36F-2CE0-49B4-8898-409E9448799A}.Debug|Any CPU.ActiveCfg = Debug|Any CPU
		{51BFD36F-2CE0-49B4-8898-409E9448799A}.Debug|Any CPU.Build.0 = Debug|Any CPU
		{51BFD36F-2CE0-49B4-8898-409E9448799A}.Release|Any CPU.ActiveCfg = Release|Any CPU
		{51BFD36F-2CE0-49B4-8898-409E9448799A}.Release|Any CPU.Build.0 = Release|Any CPU
	EndGlobalSection
	GlobalSection(SolutionProperties) = preSolution
		HideSolutionNode = FALSE
	EndGlobalSection
	GlobalSection(ExtensibilityGlobals) = postSolution
		SolutionGuid = {8F424DC0-4AFB-4467-9361-92D014D7A132}
	EndGlobalSection
EndGlobal
